
Microsoft Visual Studio Solution File, Format Version 12.00
# Visual Studio Version 17
VisualStudioVersion = 17.7.34031.279
MinimumVisualStudioVersion = 10.0.40219.1
Project("{8BC9CEB8-8B4A-11D0-8D11-00A0C91BC942}") = "Overwatch-2-Screenshot-OCR-Tool", "Overwatch-2-Screenshot-OCR-Tool.vcxproj", "{CF78A81B-38D4-478D-A594-E69529D762DC}"
EndProject
Project("{FAE04EC0-301F-11D3-BF4B-00C04F79EFBC}") = "UI_Integration", "..\UI_Integration\UI_Integration.csproj", "{B4B40879-E758-4E5A-A7A9-E7BA1E0AA70E}"
EndProject
Global
	GlobalSection(SolutionConfigurationPlatforms) = preSolution
		Debug|Any CPU = Debug|Any CPU
		Debug|x64 = Debug|x64
		Debug|x86 = Debug|x86
		Release|Any CPU = Release|Any CPU
		Release|x64 = Release|x64
		Release|x86 = Release|x86
	EndGlobalSection
	GlobalSection(ProjectConfigurationPlatforms) = postSolution
		{CF78A81B-38D4-478D-A594-E69529D762DC}.Debug|Any CPU.ActiveCfg = Debug|x64
		{CF78A81B-38D4-478D-A594-E69529D762DC}.Debug|Any CPU.Build.0 = Debug|x64
		{CF78A81B-38D4-478D-A594-E69529D762DC}.Debug|x64.ActiveCfg = Debug|x64
		{CF78A81B-38D4-478D-A594-E69529D762DC}.Debug|x64.Build.0 = Debug|x64
		{CF78A81B-38D4-478D-A594-E69529D762DC}.Debug|x86.ActiveCfg = Debug|Win32
		{CF78A81B-38D4-478D-A594-E69529D762DC}.Debug|x86.Build.0 = Debug|Win32
		{CF78A81B-38D4-478D-A594-E69529D762DC}.Release|Any CPU.ActiveCfg = Release|x64
		{CF78A81B-38D4-478D-A594-E69529D762DC}.Release|Any CPU.Build.0 = Release|x64
		{CF78A81B-38D4-478D-A594-E69529D762DC}.Release|x64.ActiveCfg = Release|x64
		{CF78A81B-38D4-478D-A594-E69529D762DC}.Release|x64.Build.0 = Release|x64
		{CF78A81B-38D4-478D-A594-E69529D762DC}.Release|x86.ActiveCfg = Release|Win32
		{CF78A81B-38D4-478D-A594-E69529D762DC}.Release|x86.Build.0 = Release|Win32
		{B4B40879-E758-4E5A-A7A9-E7BA1E0AA70E}.Debug|Any CPU.ActiveCfg = Debug|Any CPU
		{B4B40879-E758-4E5A-A7A9-E7BA1E0AA70E}.Debug|Any CPU.Build.0 = Debug|Any CPU
		{B4B40879-E758-4E5A-A7A9-E7BA1E0AA70E}.Debug|x64.ActiveCfg = Debug|Any CPU
		{B4B40879-E758-4E5A-A7A9-E7BA1E0AA70E}.Debug|x64.Build.0 = Debug|Any CPU
		{B4B40879-E758-4E5A-A7A9-E7BA1E0AA70E}.Debug|x86.ActiveCfg = Debug|Any CPU
		{B4B40879-E758-4E5A-A7A9-E7BA1E0AA70E}.Debug|x86.Build.0 = Debug|Any CPU
		{B4B40879-E758-4E5A-A7A9-E7BA1E0AA70E}.Release|Any CPU.ActiveCfg = Release|Any CPU
		{B4B40879-E758-4E5A-A7A9-E7BA1E0AA70E}.Release|Any CPU.Build.0 = Release|Any CPU
		{B4B40879-E758-4E5A-A7A9-E7BA1E0AA70E}.Release|x64.ActiveCfg = Release|Any CPU
		{B4B40879-E758-4E5A-A7A9-E7BA1E0AA70E}.Release|x64.Build.0 = Release|Any CPU
		{B4B40879-E758-4E5A-A7A9-E7BA1E0AA70E}.Release|x86.ActiveCfg = Release|Any CPU
		{B4B40879-E758-4E5A-A7A9-E7BA1E0AA70E}.Release|x86.Build.0 = Release|Any CPU
	EndGlobalSection
	GlobalSection(SolutionProperties) = preSolution
		HideSolutionNode = FALSE
	EndGlobalSection
	GlobalSection(ExtensibilityGlobals) = postSolution
		SolutionGuid = {225EE009-B300-4A8B-8056-E97718C893FE}
	EndGlobalSection
EndGlobal
